
Microsoft Visual Studio Solution File, Format Version 12.00
# Visual Studio Version 17
VisualStudioVersion = 17.3.32929.385
MinimumVisualStudioVersion = 10.0.40219.1
Project("{8BC9CEB8-8B4A-11D0-8D11-00A0C91BC942}") = "calc", "calc.vcxproj", "{DC841C67-49F1-4B98-BE6D-6A63BF383980}"
EndProject
Global
	GlobalSection(SolutionConfigurationPlatforms) = preSolution
		Debug|x64 = Debug|x64
		Debug|x86 = Debug|x86
		Release|x64 = Release|x64
		Release|x86 = Release|x86
	EndGlobalSection
	GlobalSection(ProjectConfigurationPlatforms) = postSolution
		{DC841C67-49F1-4B98-BE6D-6A63BF383980}.Debug|x64.ActiveCfg = Debug|x64
		{DC841C67-49F1-4B98-BE6D-6A63BF383980}.Debug|x64.Build.0 = Debug|x64
		{DC841C67-49F1-4B98-BE6D-6A63BF383980}.Debug|x86.ActiveCfg = Debug|Win32
		{DC841C67-49F1-4B98-BE6D-6A63BF383980}.Debug|x86.Build.0 = Debug|Win32
		{DC841C67-49F1-4B98-BE6D-6A63BF383980}.Release|x64.ActiveCfg = Release|x64
		{DC841C67-49F1-4B98-BE6D-6A63BF383980}.Release|x64.Build.0 = Release|x64
		{DC841C67-49F1-4B98-BE6D-6A63BF383980}.Release|x86.ActiveCfg = Release|Win32
		{DC841C67-49F1-4B98-BE6D-6A63BF383980}.Release|x86.Build.0 = Release|Win32
	EndGlobalSection
	GlobalSection(SolutionProperties) = preSolution
		HideSolutionNode = FALSE
	EndGlobalSection
	GlobalSection(ExtensibilityGlobals) = postSolution
		SolutionGuid = {22FB60F7-EF65-4552-8B78-7643FE950E51}
	EndGlobalSection
EndGlobal
